# This file is automatically @generated by Poetry 1.5.0 and should not be changed by hand.

[[package]]
name = "cmdkit"
version = "2.6.1"
description = "A command-line utility toolkit for Python."
optional = false
python-versions = "*"
files = [
    {file = "cmdkit-2.6.1-py3-none-any.whl", hash = "sha256:406e81df5d738dd89921c2bfefff1094638d5eccd42b0388e62490cf15dd596a"},
    {file = "cmdkit-2.6.1.tar.gz", hash = "sha256:ea93d987d749a8cf3c89e9b053d30dfd8736985f94fdc63eb42c86f074d11c86"},
]

[package.extras]
toml = ["toml (>=0.10.1)"]
yaml = ["pyyaml (>=5.3.1)"]

[[package]]
name = "enum34"
version = "1.1.10"
description = "Python 3.4 Enum backported to 3.3, 3.2, 3.1, 2.7, 2.6, 2.5, and 2.4"
optional = false
python-versions = "*"
files = [
    {file = "enum34-1.1.10-py2-none-any.whl", hash = "sha256:a98a201d6de3f2ab3db284e70a33b0f896fbf35f8086594e8c9e74b909058d53"},
    {file = "enum34-1.1.10-py3-none-any.whl", hash = "sha256:c3858660960c984d6ab0ebad691265180da2b43f07e061c0f8dca9ef3cffd328"},
    {file = "enum34-1.1.10.tar.gz", hash = "sha256:cce6a7477ed816bd2542d03d53db9f0db935dd013b70f336a95c73979289f248"},
]

[[package]]
name = "names-generator"
version = "0.1.0"
description = "Clone of the Moby/Docker random name generator as a Python package."
optional = false
python-versions = "*"
files = [
    {file = "names_generator-0.1.0-py3-none-any.whl", hash = "sha256:8fec2903c71204b64bbb12f2cce0fdabdcde2aa83ebea29025c7b6f62b55832b"},
    {file = "names_generator-0.1.0.tar.gz", hash = "sha256:03d0deb20e4c179688018103eaee4004ac2b8d8ccc1f8152272f75168b6a0b41"},
]

[package.dependencies]
cmdkit = ">=2.1.2"

[[package]]
name = "python-date-interval-generator"
version = "0.0.2"
description = "Generates common sequential date intervals for a given date range"
optional = false
python-versions = "*"
files = [
    {file = "python-date-interval-generator-0.0.2.tar.gz", hash = "sha256:781710cdc4ebdbbbe9a89c374e8797aefeda7bd38b50705962ea1a9e431e5eb7"},
]

[package.dependencies]
enum34 = "*"

[metadata]
lock-version = "2.0"
python-versions = "^3.11"
content-hash = "c6ea85140fa35eadd22f7c63e21a99ba732ca9bbc5cdf18bd3ee683cf3d52c70"
